// !$*UTF8*$!
{
	archiveVersion = 1;
	classes = {
	};
	objectVersion = 56;
	objects = {

/* Begin PBXBuildFile section */
		0509933D2A24750500FF2747 /* CovidStatsApp.swift in Sources */ = {isa = PBXBuildFile; fileRef = 0509933C2A24750500FF2747 /* CovidStatsApp.swift */; };
		0509933F2A24750500FF2747 /* MainView.swift in Sources */ = {isa = PBXBuildFile; fileRef = 0509933E2A24750500FF2747 /* MainView.swift */; };
		050993412A24750700FF2747 /* Assets.xcassets in Resources */ = {isa = PBXBuildFile; fileRef = 050993402A24750700FF2747 /* Assets.xcassets */; };
		050993442A24750700FF2747 /* Preview Assets.xcassets in Resources */ = {isa = PBXBuildFile; fileRef = 050993432A24750700FF2747 /* Preview Assets.xcassets */; };
		0509934E2A24750700FF2747 /* CovidStatsTests.swift in Sources */ = {isa = PBXBuildFile; fileRef = 0509934D2A24750700FF2747 /* CovidStatsTests.swift */; };
		050993582A24750700FF2747 /* CovidStatsUITests.swift in Sources */ = {isa = PBXBuildFile; fileRef = 050993572A24750700FF2747 /* CovidStatsUITests.swift */; };
		0509935A2A24750700FF2747 /* CovidStatsUITestsLaunchTests.swift in Sources */ = {isa = PBXBuildFile; fileRef = 050993592A24750700FF2747 /* CovidStatsUITestsLaunchTests.swift */; };
		050993672A24751F00FF2747 /* APIService.swift in Sources */ = {isa = PBXBuildFile; fileRef = 050993662A24751F00FF2747 /* APIService.swift */; };
		050993692A2484A200FF2747 /* TotalDataModel.swift in Sources */ = {isa = PBXBuildFile; fileRef = 050993682A2484A200FF2747 /* TotalDataModel.swift */; };
		0509936B2A2485FD00FF2747 /* CustomError.swift in Sources */ = {isa = PBXBuildFile; fileRef = 0509936A2A2485FD00FF2747 /* CustomError.swift */; };
		0509936D2A24A38400FF2747 /* CountryDataModel.swift in Sources */ = {isa = PBXBuildFile; fileRef = 0509936C2A24A38400FF2747 /* CountryDataModel.swift */; };
		050993722A24A98800FF2747 /* MainViewModel.swift in Sources */ = {isa = PBXBuildFile; fileRef = 050993712A24A98800FF2747 /* MainViewModel.swift */; };
		050993742A24BEC200FF2747 /* GlobalDataView.swift in Sources */ = {isa = PBXBuildFile; fileRef = 050993732A24BEC200FF2747 /* GlobalDataView.swift */; };
		050993762A24BED900FF2747 /* GlobalDataCardView.swift in Sources */ = {isa = PBXBuildFile; fileRef = 050993752A24BED900FF2747 /* GlobalDataCardView.swift */; };
		050993782A24C37C00FF2747 /* Int+Extensions.swift in Sources */ = {isa = PBXBuildFile; fileRef = 050993772A24C37C00FF2747 /* Int+Extensions.swift */; };
		0509937A2A24CA8F00FF2747 /* String+Extensions.swift in Sources */ = {isa = PBXBuildFile; fileRef = 050993792A24CA8F00FF2747 /* String+Extensions.swift */; };
		0509937E2A24CC3A00FF2747 /* SearchBarView.swift in Sources */ = {isa = PBXBuildFile; fileRef = 0509937D2A24CC3A00FF2747 /* SearchBarView.swift */; };
		050993812A24CFA200FF2747 /* CountryDetailView.swift in Sources */ = {isa = PBXBuildFile; fileRef = 050993802A24CFA200FF2747 /* CountryDetailView.swift */; };
		050993832A24CFAE00FF2747 /* CountryDetailViewModel.swift in Sources */ = {isa = PBXBuildFile; fileRef = 050993822A24CFAE00FF2747 /* CountryDetailViewModel.swift */; };
		05E3EDFB2A25852200FE4283 /* CountryDetailsViewModelSpec.swift in Sources */ = {isa = PBXBuildFile; fileRef = 05E3EDFA2A25852200FE4283 /* CountryDetailsViewModelSpec.swift */; };
/* End PBXBuildFile section */

/* Begin PBXContainerItemProxy section */
		0509934A2A24750700FF2747 /* PBXContainerItemProxy */ = {
			isa = PBXContainerItemProxy;
			containerPortal = 050993312A24750500FF2747 /* Project object */;
			proxyType = 1;
			remoteGlobalIDString = 050993382A24750500FF2747;
			remoteInfo = CovidStats;
		};
		050993542A24750700FF2747 /* PBXContainerItemProxy */ = {
			isa = PBXContainerItemProxy;
			containerPortal = 050993312A24750500FF2747 /* Project object */;
			proxyType = 1;
			remoteGlobalIDString = 050993382A24750500FF2747;
			remoteInfo = CovidStats;
		};
/* End PBXContainerItemProxy section */

/* Begin PBXFileReference section */
		050993392A24750500FF2747 /* CovidStats.app */ = {isa = PBXFileReference; explicitFileType = wrapper.application; includeInIndex = 0; path = CovidStats.app; sourceTree = BUILT_PRODUCTS_DIR; };
		0509933C2A24750500FF2747 /* CovidStatsApp.swift */ = {isa = PBXFileReference; lastKnownFileType = sourcecode.swift; path = CovidStatsApp.swift; sourceTree = "<group>"; };
		0509933E2A24750500FF2747 /* MainView.swift */ = {isa = PBXFileReference; lastKnownFileType = sourcecode.swift; path = MainView.swift; sourceTree = "<group>"; };
		050993402A24750700FF2747 /* Assets.xcassets */ = {isa = PBXFileReference; lastKnownFileType = folder.assetcatalog; path = Assets.xcassets; sourceTree = "<group>"; };
		050993432A24750700FF2747 /* Preview Assets.xcassets */ = {isa = PBXFileReference; lastKnownFileType = folder.assetcatalog; path = "Preview Assets.xcassets"; sourceTree = "<group>"; };
		050993492A24750700FF2747 /* CovidStatsTests.xctest */ = {isa = PBXFileReference; explicitFileType = wrapper.cfbundle; includeInIndex = 0; path = CovidStatsTests.xctest; sourceTree = BUILT_PRODUCTS_DIR; };
		0509934D2A24750700FF2747 /* CovidStatsTests.swift */ = {isa = PBXFileReference; lastKnownFileType = sourcecode.swift; path = CovidStatsTests.swift; sourceTree = "<group>"; };
		050993532A24750700FF2747 /* CovidStatsUITests.xctest */ = {isa = PBXFileReference; explicitFileType = wrapper.cfbundle; includeInIndex = 0; path = CovidStatsUITests.xctest; sourceTree = BUILT_PRODUCTS_DIR; };
		050993572A24750700FF2747 /* CovidStatsUITests.swift */ = {isa = PBXFileReference; lastKnownFileType = sourcecode.swift; path = CovidStatsUITests.swift; sourceTree = "<group>"; };
		050993592A24750700FF2747 /* CovidStatsUITestsLaunchTests.swift */ = {isa = PBXFileReference; lastKnownFileType = sourcecode.swift; path = CovidStatsUITestsLaunchTests.swift; sourceTree = "<group>"; };
		050993662A24751F00FF2747 /* APIService.swift */ = {isa = PBXFileReference; lastKnownFileType = sourcecode.swift; path = APIService.swift; sourceTree = "<group>"; };
		050993682A2484A200FF2747 /* TotalDataModel.swift */ = {isa = PBXFileReference; lastKnownFileType = sourcecode.swift; path = TotalDataModel.swift; sourceTree = "<group>"; };
		0509936A2A2485FD00FF2747 /* CustomError.swift */ = {isa = PBXFileReference; lastKnownFileType = sourcecode.swift; path = CustomError.swift; sourceTree = "<group>"; };
		0509936C2A24A38400FF2747 /* CountryDataModel.swift */ = {isa = PBXFileReference; lastKnownFileType = sourcecode.swift; path = CountryDataModel.swift; sourceTree = "<group>"; };
		050993712A24A98800FF2747 /* MainViewModel.swift */ = {isa = PBXFileReference; lastKnownFileType = sourcecode.swift; path = MainViewModel.swift; sourceTree = "<group>"; };
		050993732A24BEC200FF2747 /* GlobalDataView.swift */ = {isa = PBXFileReference; lastKnownFileType = sourcecode.swift; path = GlobalDataView.swift; sourceTree = "<group>"; };
		050993752A24BED900FF2747 /* GlobalDataCardView.swift */ = {isa = PBXFileReference; lastKnownFileType = sourcecode.swift; path = GlobalDataCardView.swift; sourceTree = "<group>"; };
		050993772A24C37C00FF2747 /* Int+Extensions.swift */ = {isa = PBXFileReference; lastKnownFileType = sourcecode.swift; path = "Int+Extensions.swift"; sourceTree = "<group>"; };
		050993792A24CA8F00FF2747 /* String+Extensions.swift */ = {isa = PBXFileReference; lastKnownFileType = sourcecode.swift; path = "String+Extensions.swift"; sourceTree = "<group>"; };
		0509937D2A24CC3A00FF2747 /* SearchBarView.swift */ = {isa = PBXFileReference; lastKnownFileType = sourcecode.swift; path = SearchBarView.swift; sourceTree = "<group>"; };
		050993802A24CFA200FF2747 /* CountryDetailView.swift */ = {isa = PBXFileReference; lastKnownFileType = sourcecode.swift; path = CountryDetailView.swift; sourceTree = "<group>"; };
		050993822A24CFAE00FF2747 /* CountryDetailViewModel.swift */ = {isa = PBXFileReference; lastKnownFileType = sourcecode.swift; path = CountryDetailViewModel.swift; sourceTree = "<group>"; };
		05E3EDFA2A25852200FE4283 /* CountryDetailsViewModelSpec.swift */ = {isa = PBXFileReference; lastKnownFileType = sourcecode.swift; path = CountryDetailsViewModelSpec.swift; sourceTree = "<group>"; };
/* End PBXFileReference section */

/* Begin PBXFrameworksBuildPhase section */
		050993362A24750500FF2747 /* Frameworks */ = {
			isa = PBXFrameworksBuildPhase;
			buildActionMask = 2147483647;
			files = (
			);
			runOnlyForDeploymentPostprocessing = 0;
		};
		050993462A24750700FF2747 /* Frameworks */ = {
			isa = PBXFrameworksBuildPhase;
			buildActionMask = 2147483647;
			files = (
			);
			runOnlyForDeploymentPostprocessing = 0;
		};
		050993502A24750700FF2747 /* Frameworks */ = {
			isa = PBXFrameworksBuildPhase;
			buildActionMask = 2147483647;
			files = (
			);
			runOnlyForDeploymentPostprocessing = 0;
		};
/* End PBXFrameworksBuildPhase section */

/* Begin PBXGroup section */
		050993302A24750500FF2747 = {
			isa = PBXGroup;
			children = (
				0509933B2A24750500FF2747 /* CovidStats */,
				0509934C2A24750700FF2747 /* CovidStatsTests */,
				050993562A24750700FF2747 /* CovidStatsUITests */,
				0509933A2A24750500FF2747 /* Products */,
			);
			sourceTree = "<group>";
		};
		0509933A2A24750500FF2747 /* Products */ = {
			isa = PBXGroup;
			children = (
				050993392A24750500FF2747 /* CovidStats.app */,
				050993492A24750700FF2747 /* CovidStatsTests.xctest */,
				050993532A24750700FF2747 /* CovidStatsUITests.xctest */,
			);
			name = Products;
			sourceTree = "<group>";
		};
		0509933B2A24750500FF2747 /* CovidStats */ = {
			isa = PBXGroup;
			children = (
				0509938B2A24E4FF00FF2747 /* Resources */,
				050993892A24E4CA00FF2747 /* DataLayer */,
				0509938A2A24E4DE00FF2747 /* DomainLayer */,
				050993872A24E4A800FF2747 /* PresentationLayer */,
			);
			path = CovidStats;
			sourceTree = "<group>";
		};
		050993422A24750700FF2747 /* Preview Content */ = {
			isa = PBXGroup;
			children = (
				050993432A24750700FF2747 /* Preview Assets.xcassets */,
			);
			path = "Preview Content";
			sourceTree = "<group>";
		};
		0509934C2A24750700FF2747 /* CovidStatsTests */ = {
			isa = PBXGroup;
			children = (
				0509934D2A24750700FF2747 /* CovidStatsTests.swift */,
				05E3EDFA2A25852200FE4283 /* CountryDetailsViewModelSpec.swift */,
			);
			path = CovidStatsTests;
			sourceTree = "<group>";
		};
		050993562A24750700FF2747 /* CovidStatsUITests */ = {
			isa = PBXGroup;
			children = (
				050993572A24750700FF2747 /* CovidStatsUITests.swift */,
				050993592A24750700FF2747 /* CovidStatsUITestsLaunchTests.swift */,
			);
			path = CovidStatsUITests;
			sourceTree = "<group>";
		};
		0509936E2A24A92E00FF2747 /* Model */ = {
			isa = PBXGroup;
			children = (
				050993682A2484A200FF2747 /* TotalDataModel.swift */,
				0509936C2A24A38400FF2747 /* CountryDataModel.swift */,
			);
			path = Model;
			sourceTree = "<group>";
		};
		0509936F2A24A93700FF2747 /* Network */ = {
			isa = PBXGroup;
			children = (
				050993702A24A94D00FF2747 /* Error */,
				050993662A24751F00FF2747 /* APIService.swift */,
			);
			path = Network;
			sourceTree = "<group>";
		};
		050993702A24A94D00FF2747 /* Error */ = {
			isa = PBXGroup;
			children = (
				0509936A2A2485FD00FF2747 /* CustomError.swift */,
			);
			path = Error;
			sourceTree = "<group>";
		};
		0509937B2A24CBFB00FF2747 /* Extensions */ = {
			isa = PBXGroup;
			children = (
				050993792A24CA8F00FF2747 /* String+Extensions.swift */,
				050993772A24C37C00FF2747 /* Int+Extensions.swift */,
			);
			path = Extensions;
			sourceTree = "<group>";
		};
		0509937C2A24CC1500FF2747 /* ReusableViews */ = {
			isa = PBXGroup;
			children = (
				050993732A24BEC200FF2747 /* GlobalDataView.swift */,
				050993752A24BED900FF2747 /* GlobalDataCardView.swift */,
				0509937D2A24CC3A00FF2747 /* SearchBarView.swift */,
			);
			path = ReusableViews;
			sourceTree = "<group>";
		};
		0509937F2A24CF0C00FF2747 /* MainView */ = {
			isa = PBXGroup;
			children = (
				050993712A24A98800FF2747 /* MainViewModel.swift */,
				0509933E2A24750500FF2747 /* MainView.swift */,
			);
			path = MainView;
			sourceTree = "<group>";
		};
		050993842A24CFBB00FF2747 /* CountryDetailView */ = {
			isa = PBXGroup;
			children = (
				050993802A24CFA200FF2747 /* CountryDetailView.swift */,
				050993822A24CFAE00FF2747 /* CountryDetailViewModel.swift */,
			);
			path = CountryDetailView;
			sourceTree = "<group>";
		};
		050993872A24E4A800FF2747 /* PresentationLayer */ = {
			isa = PBXGroup;
			children = (
				0509937B2A24CBFB00FF2747 /* Extensions */,
				0509937F2A24CF0C00FF2747 /* MainView */,
				0509937C2A24CC1500FF2747 /* ReusableViews */,
				050993842A24CFBB00FF2747 /* CountryDetailView */,
			);
			path = PresentationLayer;
			sourceTree = "<group>";
		};
		050993892A24E4CA00FF2747 /* DataLayer */ = {
			isa = PBXGroup;
			children = (
				0509936F2A24A93700FF2747 /* Network */,
			);
			path = DataLayer;
			sourceTree = "<group>";
		};
		0509938A2A24E4DE00FF2747 /* DomainLayer */ = {
			isa = PBXGroup;
			children = (
				0509936E2A24A92E00FF2747 /* Model */,
			);
			path = DomainLayer;
			sourceTree = "<group>";
		};
		0509938B2A24E4FF00FF2747 /* Resources */ = {
			isa = PBXGroup;
			children = (
				0509933C2A24750500FF2747 /* CovidStatsApp.swift */,
				050993402A24750700FF2747 /* Assets.xcassets */,
				050993422A24750700FF2747 /* Preview Content */,
			);
			path = Resources;
			sourceTree = "<group>";
		};
/* End PBXGroup section */

/* Begin PBXNativeTarget section */
		050993382A24750500FF2747 /* CovidStats */ = {
			isa = PBXNativeTarget;
			buildConfigurationList = 0509935D2A24750700FF2747 /* Build configuration list for PBXNativeTarget "CovidStats" */;
			buildPhases = (
				050993352A24750500FF2747 /* Sources */,
				050993362A24750500FF2747 /* Frameworks */,
				050993372A24750500FF2747 /* Resources */,
			);
			buildRules = (
			);
			dependencies = (
			);
			name = CovidStats;
			productName = CovidStats;
			productReference = 050993392A24750500FF2747 /* CovidStats.app */;
			productType = "com.apple.product-type.application";
		};
		050993482A24750700FF2747 /* CovidStatsTests */ = {
			isa = PBXNativeTarget;
			buildConfigurationList = 050993602A24750700FF2747 /* Build configuration list for PBXNativeTarget "CovidStatsTests" */;
			buildPhases = (
				050993452A24750700FF2747 /* Sources */,
				050993462A24750700FF2747 /* Frameworks */,
				050993472A24750700FF2747 /* Resources */,
			);
			buildRules = (
			);
			dependencies = (
				0509934B2A24750700FF2747 /* PBXTargetDependency */,
			);
			name = CovidStatsTests;
			productName = CovidStatsTests;
			productReference = 050993492A24750700FF2747 /* CovidStatsTests.xctest */;
			productType = "com.apple.product-type.bundle.unit-test";
		};
		050993522A24750700FF2747 /* CovidStatsUITests */ = {
			isa = PBXNativeTarget;
			buildConfigurationList = 050993632A24750700FF2747 /* Build configuration list for PBXNativeTarget "CovidStatsUITests" */;
			buildPhases = (
				0509934F2A24750700FF2747 /* Sources */,
				050993502A24750700FF2747 /* Frameworks */,
				050993512A24750700FF2747 /* Resources */,
			);
			buildRules = (
			);
			dependencies = (
				050993552A24750700FF2747 /* PBXTargetDependency */,
			);
			name = CovidStatsUITests;
			productName = CovidStatsUITests;
			productReference = 050993532A24750700FF2747 /* CovidStatsUITests.xctest */;
			productType = "com.apple.product-type.bundle.ui-testing";
		};
/* End PBXNativeTarget section */

/* Begin PBXProject section */
		050993312A24750500FF2747 /* Project object */ = {
			isa = PBXProject;
			attributes = {
				BuildIndependentTargetsInParallel = 1;
				LastSwiftUpdateCheck = 1430;
				LastUpgradeCheck = 1430;
				TargetAttributes = {
					050993382A24750500FF2747 = {
						CreatedOnToolsVersion = 14.3;
					};
					050993482A24750700FF2747 = {
						CreatedOnToolsVersion = 14.3;
						TestTargetID = 050993382A24750500FF2747;
					};
					050993522A24750700FF2747 = {
						CreatedOnToolsVersion = 14.3;
						TestTargetID = 050993382A24750500FF2747;
					};
				};
			};
			buildConfigurationList = 050993342A24750500FF2747 /* Build configuration list for PBXProject "CovidStats" */;
			compatibilityVersion = "Xcode 14.0";
			developmentRegion = en;
			hasScannedForEncodings = 0;
			knownRegions = (
				en,
				Base,
			);
			mainGroup = 050993302A24750500FF2747;
			productRefGroup = 0509933A2A24750500FF2747 /* Products */;
			projectDirPath = "";
			projectRoot = "";
			targets = (
				050993382A24750500FF2747 /* CovidStats */,
				050993482A24750700FF2747 /* CovidStatsTests */,
				050993522A24750700FF2747 /* CovidStatsUITests */,
			);
		};
/* End PBXProject section */

/* Begin PBXResourcesBuildPhase section */
		050993372A24750500FF2747 /* Resources */ = {
			isa = PBXResourcesBuildPhase;
			buildActionMask = 2147483647;
			files = (
				050993442A24750700FF2747 /* Preview Assets.xcassets in Resources */,
				050993412A24750700FF2747 /* Assets.xcassets in Resources */,
			);
			runOnlyForDeploymentPostprocessing = 0;
		};
		050993472A24750700FF2747 /* Resources */ = {
			isa = PBXResourcesBuildPhase;
			buildActionMask = 2147483647;
			files = (
			);
			runOnlyForDeploymentPostprocessing = 0;
		};
		050993512A24750700FF2747 /* Resources */ = {
			isa = PBXResourcesBuildPhase;
			buildActionMask = 2147483647;
			files = (
			);
			runOnlyForDeploymentPostprocessing = 0;
		};
/* End PBXResourcesBuildPhase section */

/* Begin PBXSourcesBuildPhase section */
		050993352A24750500FF2747 /* Sources */ = {
			isa = PBXSourcesBuildPhase;
			buildActionMask = 2147483647;
			files = (
				050993722A24A98800FF2747 /* MainViewModel.swift in Sources */,
				0509937A2A24CA8F00FF2747 /* String+Extensions.swift in Sources */,
				0509936B2A2485FD00FF2747 /* CustomError.swift in Sources */,
				0509933F2A24750500FF2747 /* MainView.swift in Sources */,
				050993812A24CFA200FF2747 /* CountryDetailView.swift in Sources */,
				0509937E2A24CC3A00FF2747 /* SearchBarView.swift in Sources */,
				050993832A24CFAE00FF2747 /* CountryDetailViewModel.swift in Sources */,
				050993672A24751F00FF2747 /* APIService.swift in Sources */,
				050993692A2484A200FF2747 /* TotalDataModel.swift in Sources */,
				050993742A24BEC200FF2747 /* GlobalDataView.swift in Sources */,
				0509936D2A24A38400FF2747 /* CountryDataModel.swift in Sources */,
				0509933D2A24750500FF2747 /* CovidStatsApp.swift in Sources */,
				050993762A24BED900FF2747 /* GlobalDataCardView.swift in Sources */,
				050993782A24C37C00FF2747 /* Int+Extensions.swift in Sources */,
			);
			runOnlyForDeploymentPostprocessing = 0;
		};
		050993452A24750700FF2747 /* Sources */ = {
			isa = PBXSourcesBuildPhase;
			buildActionMask = 2147483647;
			files = (
				0509934E2A24750700FF2747 /* CovidStatsTests.swift in Sources */,
				05E3EDFB2A25852200FE4283 /* CountryDetailsViewModelSpec.swift in Sources */,
			);
			runOnlyForDeploymentPostprocessing = 0;
		};
		0509934F2A24750700FF2747 /* Sources */ = {
			isa = PBXSourcesBuildPhase;
			buildActionMask = 2147483647;
			files = (
				0509935A2A24750700FF2747 /* CovidStatsUITestsLaunchTests.swift in Sources */,
				050993582A24750700FF2747 /* CovidStatsUITests.swift in Sources */,
			);
			runOnlyForDeploymentPostprocessing = 0;
		};
/* End PBXSourcesBuildPhase section */

/* Begin PBXTargetDependency section */
		0509934B2A24750700FF2747 /* PBXTargetDependency */ = {
			isa = PBXTargetDependency;
			target = 050993382A24750500FF2747 /* CovidStats */;
			targetProxy = 0509934A2A24750700FF2747 /* PBXContainerItemProxy */;
		};
		050993552A24750700FF2747 /* PBXTargetDependency */ = {
			isa = PBXTargetDependency;
			target = 050993382A24750500FF2747 /* CovidStats */;
			targetProxy = 050993542A24750700FF2747 /* PBXContainerItemProxy */;
		};
/* End PBXTargetDependency section */

/* Begin XCBuildConfiguration section */
		0509935B2A24750700FF2747 /* Debug */ = {
			isa = XCBuildConfiguration;
			buildSettings = {
				ALWAYS_SEARCH_USER_PATHS = NO;
				CLANG_ANALYZER_NONNULL = YES;
				CLANG_ANALYZER_NUMBER_OBJECT_CONVERSION = YES_AGGRESSIVE;
				CLANG_CXX_LANGUAGE_STANDARD = "gnu++20";
				CLANG_ENABLE_MODULES = YES;
				CLANG_ENABLE_OBJC_ARC = YES;
				CLANG_ENABLE_OBJC_WEAK = YES;
				CLANG_WARN_BLOCK_CAPTURE_AUTORELEASING = YES;
				CLANG_WARN_BOOL_CONVERSION = YES;
				CLANG_WARN_COMMA = YES;
				CLANG_WARN_CONSTANT_CONVERSION = YES;
				CLANG_WARN_DEPRECATED_OBJC_IMPLEMENTATIONS = YES;
				CLANG_WARN_DIRECT_OBJC_ISA_USAGE = YES_ERROR;
				CLANG_WARN_DOCUMENTATION_COMMENTS = YES;
				CLANG_WARN_EMPTY_BODY = YES;
				CLANG_WARN_ENUM_CONVERSION = YES;
				CLANG_WARN_INFINITE_RECURSION = YES;
				CLANG_WARN_INT_CONVERSION = YES;
				CLANG_WARN_NON_LITERAL_NULL_CONVERSION = YES;
				CLANG_WARN_OBJC_IMPLICIT_RETAIN_SELF = YES;
				CLANG_WARN_OBJC_LITERAL_CONVERSION = YES;
				CLANG_WARN_OBJC_ROOT_CLASS = YES_ERROR;
				CLANG_WARN_QUOTED_INCLUDE_IN_FRAMEWORK_HEADER = YES;
				CLANG_WARN_RANGE_LOOP_ANALYSIS = YES;
				CLANG_WARN_STRICT_PROTOTYPES = YES;
				CLANG_WARN_SUSPICIOUS_MOVE = YES;
				CLANG_WARN_UNGUARDED_AVAILABILITY = YES_AGGRESSIVE;
				CLANG_WARN_UNREACHABLE_CODE = YES;
				CLANG_WARN__DUPLICATE_METHOD_MATCH = YES;
				COPY_PHASE_STRIP = NO;
				DEBUG_INFORMATION_FORMAT = dwarf;
				ENABLE_STRICT_OBJC_MSGSEND = YES;
				ENABLE_TESTABILITY = YES;
				GCC_C_LANGUAGE_STANDARD = gnu11;
				GCC_DYNAMIC_NO_PIC = NO;
				GCC_NO_COMMON_BLOCKS = YES;
				GCC_OPTIMIZATION_LEVEL = 0;
				GCC_PREPROCESSOR_DEFINITIONS = (
					"DEBUG=1",
					"$(inherited)",
				);
				GCC_WARN_64_TO_32_BIT_CONVERSION = YES;
				GCC_WARN_ABOUT_RETURN_TYPE = YES_ERROR;
				GCC_WARN_UNDECLARED_SELECTOR = YES;
				GCC_WARN_UNINITIALIZED_AUTOS = YES_AGGRESSIVE;
				GCC_WARN_UNUSED_FUNCTION = YES;
				GCC_WARN_UNUSED_VARIABLE = YES;
				IPHONEOS_DEPLOYMENT_TARGET = 16.4;
				MTL_ENABLE_DEBUG_INFO = INCLUDE_SOURCE;
				MTL_FAST_MATH = YES;
				ONLY_ACTIVE_ARCH = YES;
				SDKROOT = iphoneos;
				SWIFT_ACTIVE_COMPILATION_CONDITIONS = DEBUG;
				SWIFT_OPTIMIZATION_LEVEL = "-Onone";
			};
			name = Debug;
		};
		0509935C2A24750700FF2747 /* Release */ = {
			isa = XCBuildConfiguration;
			buildSettings = {
				ALWAYS_SEARCH_USER_PATHS = NO;
				CLANG_ANALYZER_NONNULL = YES;
				CLANG_ANALYZER_NUMBER_OBJECT_CONVERSION = YES_AGGRESSIVE;
				CLANG_CXX_LANGUAGE_STANDARD = "gnu++20";
				CLANG_ENABLE_MODULES = YES;
				CLANG_ENABLE_OBJC_ARC = YES;
				CLANG_ENABLE_OBJC_WEAK = YES;
				CLANG_WARN_BLOCK_CAPTURE_AUTORELEASING = YES;
				CLANG_WARN_BOOL_CONVERSION = YES;
				CLANG_WARN_COMMA = YES;
				CLANG_WARN_CONSTANT_CONVERSION = YES;
				CLANG_WARN_DEPRECATED_OBJC_IMPLEMENTATIONS = YES;
				CLANG_WARN_DIRECT_OBJC_ISA_USAGE = YES_ERROR;
				CLANG_WARN_DOCUMENTATION_COMMENTS = YES;
				CLANG_WARN_EMPTY_BODY = YES;
				CLANG_WARN_ENUM_CONVERSION = YES;
				CLANG_WARN_INFINITE_RECURSION = YES;
				CLANG_WARN_INT_CONVERSION = YES;
				CLANG_WARN_NON_LITERAL_NULL_CONVERSION = YES;
				CLANG_WARN_OBJC_IMPLICIT_RETAIN_SELF = YES;
				CLANG_WARN_OBJC_LITERAL_CONVERSION = YES;
				CLANG_WARN_OBJC_ROOT_CLASS = YES_ERROR;
				CLANG_WARN_QUOTED_INCLUDE_IN_FRAMEWORK_HEADER = YES;
				CLANG_WARN_RANGE_LOOP_ANALYSIS = YES;
				CLANG_WARN_STRICT_PROTOTYPES = YES;
				CLANG_WARN_SUSPICIOUS_MOVE = YES;
				CLANG_WARN_UNGUARDED_AVAILABILITY = YES_AGGRESSIVE;
				CLANG_WARN_UNREACHABLE_CODE = YES;
				CLANG_WARN__DUPLICATE_METHOD_MATCH = YES;
				COPY_PHASE_STRIP = NO;
				DEBUG_INFORMATION_FORMAT = "dwarf-with-dsym";
				ENABLE_NS_ASSERTIONS = NO;
				ENABLE_STRICT_OBJC_MSGSEND = YES;
				GCC_C_LANGUAGE_STANDARD = gnu11;
				GCC_NO_COMMON_BLOCKS = YES;
				GCC_WARN_64_TO_32_BIT_CONVERSION = YES;
				GCC_WARN_ABOUT_RETURN_TYPE = YES_ERROR;
				GCC_WARN_UNDECLARED_SELECTOR = YES;
				GCC_WARN_UNINITIALIZED_AUTOS = YES_AGGRESSIVE;
				GCC_WARN_UNUSED_FUNCTION = YES;
				GCC_WARN_UNUSED_VARIABLE = YES;
				IPHONEOS_DEPLOYMENT_TARGET = 16.4;
				MTL_ENABLE_DEBUG_INFO = NO;
				MTL_FAST_MATH = YES;
				SDKROOT = iphoneos;
				SWIFT_COMPILATION_MODE = wholemodule;
				SWIFT_OPTIMIZATION_LEVEL = "-O";
				VALIDATE_PRODUCT = YES;
			};
			name = Release;
		};
		0509935E2A24750700FF2747 /* Debug */ = {
			isa = XCBuildConfiguration;
			buildSettings = {
				ASSETCATALOG_COMPILER_APPICON_NAME = AppIcon;
				ASSETCATALOG_COMPILER_GLOBAL_ACCENT_COLOR_NAME = AccentColor;
				CODE_SIGN_STYLE = Automatic;
				CURRENT_PROJECT_VERSION = 1;
				DEVELOPMENT_ASSET_PATHS = "\"CovidStats/Resources/Preview Content\"";
				DEVELOPMENT_TEAM = ZM87MSCS59;
				ENABLE_PREVIEWS = YES;
				GENERATE_INFOPLIST_FILE = YES;
				INFOPLIST_KEY_UIApplicationSceneManifest_Generation = YES;
				INFOPLIST_KEY_UIApplicationSupportsIndirectInputEvents = YES;
				INFOPLIST_KEY_UILaunchScreen_Generation = YES;
				INFOPLIST_KEY_UISupportedInterfaceOrientations_iPad = "UIInterfaceOrientationPortrait UIInterfaceOrientationPortraitUpsideDown UIInterfaceOrientationLandscapeLeft UIInterfaceOrientationLandscapeRight";
				INFOPLIST_KEY_UISupportedInterfaceOrientations_iPhone = "UIInterfaceOrientationPortrait UIInterfaceOrientationLandscapeLeft UIInterfaceOrientationLandscapeRight";
				IPHONEOS_DEPLOYMENT_TARGET = 15.0;
				LD_RUNPATH_SEARCH_PATHS = (
					"$(inherited)",
					"@executable_path/Frameworks",
				);
				MARKETING_VERSION = 1.0;
				PRODUCT_BUNDLE_IDENTIFIER = com.chirag.CovidStats;
				PRODUCT_NAME = "$(TARGET_NAME)";
				SWIFT_EMIT_LOC_STRINGS = YES;
				SWIFT_VERSION = 5.0;
				TARGETED_DEVICE_FAMILY = "1,2";
			};
			name = Debug;
		};
		0509935F2A24750700FF2747 /* Release */ = {
			isa = XCBuildConfiguration;
			buildSettings = {
				ASSETCATALOG_COMPILER_APPICON_NAME = AppIcon;
				ASSETCATALOG_COMPILER_GLOBAL_ACCENT_COLOR_NAME = AccentColor;
				CODE_SIGN_STYLE = Automatic;
				CURRENT_PROJECT_VERSION = 1;
				DEVELOPMENT_ASSET_PATHS = "\"CovidStats/Resources/Preview Content\"";
				DEVELOPMENT_TEAM = ZM87MSCS59;
				ENABLE_PREVIEWS = YES;
				GENERATE_INFOPLIST_FILE = YES;
				INFOPLIST_KEY_UIApplicationSceneManifest_Generation = YES;
				INFOPLIST_KEY_UIApplicationSupportsIndirectInputEvents = YES;
				INFOPLIST_KEY_UILaunchScreen_Generation = YES;
				INFOPLIST_KEY_UISupportedInterfaceOrientations_iPad = "UIInterfaceOrientationPortrait UIInterfaceOrientationPortraitUpsideDown UIInterfaceOrientationLandscapeLeft UIInterfaceOrientationLandscapeRight";
				INFOPLIST_KEY_UISupportedInterfaceOrientations_iPhone = "UIInterfaceOrientationPortrait UIInterfaceOrientationLandscapeLeft UIInterfaceOrientationLandscapeRight";
				IPHONEOS_DEPLOYMENT_TARGET = 15.0;
				LD_RUNPATH_SEARCH_PATHS = (
					"$(inherited)",
					"@executable_path/Frameworks",
				);
				MARKETING_VERSION = 1.0;
				PRODUCT_BUNDLE_IDENTIFIER = com.chirag.CovidStats;
				PRODUCT_NAME = "$(TARGET_NAME)";
				SWIFT_EMIT_LOC_STRINGS = YES;
				SWIFT_VERSION = 5.0;
				TARGETED_DEVICE_FAMILY = "1,2";
			};
			name = Release;
		};
		050993612A24750700FF2747 /* Debug */ = {
			isa = XCBuildConfiguration;
			buildSettings = {
				ALWAYS_EMBED_SWIFT_STANDARD_LIBRARIES = YES;
				BUNDLE_LOADER = "$(TEST_HOST)";
				CODE_SIGN_STYLE = Automatic;
				CURRENT_PROJECT_VERSION = 1;
				DEVELOPMENT_TEAM = ZM87MSCS59;
				GENERATE_INFOPLIST_FILE = YES;
				IPHONEOS_DEPLOYMENT_TARGET = 16.4;
				MARKETING_VERSION = 1.0;
				PRODUCT_BUNDLE_IDENTIFIER = com.chirag.CovidStatsTests;
				PRODUCT_NAME = "$(TARGET_NAME)";
				SWIFT_EMIT_LOC_STRINGS = NO;
				SWIFT_VERSION = 5.0;
				TARGETED_DEVICE_FAMILY = "1,2";
				TEST_HOST = "$(BUILT_PRODUCTS_DIR)/CovidStats.app/$(BUNDLE_EXECUTABLE_FOLDER_PATH)/CovidStats";
			};
			name = Debug;
		};
		050993622A24750700FF2747 /* Release */ = {
			isa = XCBuildConfiguration;
			buildSettings = {
				ALWAYS_EMBED_SWIFT_STANDARD_LIBRARIES = YES;
				BUNDLE_LOADER = "$(TEST_HOST)";
				CODE_SIGN_STYLE = Automatic;
				CURRENT_PROJECT_VERSION = 1;
				DEVELOPMENT_TEAM = ZM87MSCS59;
				GENERATE_INFOPLIST_FILE = YES;
				IPHONEOS_DEPLOYMENT_TARGET = 16.4;
				MARKETING_VERSION = 1.0;
				PRODUCT_BUNDLE_IDENTIFIER = com.chirag.CovidStatsTests;
				PRODUCT_NAME = "$(TARGET_NAME)";
				SWIFT_EMIT_LOC_STRINGS = NO;
				SWIFT_VERSION = 5.0;
				TARGETED_DEVICE_FAMILY = "1,2";
				TEST_HOST = "$(BUILT_PRODUCTS_DIR)/CovidStats.app/$(BUNDLE_EXECUTABLE_FOLDER_PATH)/CovidStats";
			};
			name = Release;
		};
		050993642A24750700FF2747 /* Debug */ = {
			isa = XCBuildConfiguration;
			buildSettings = {
				ALWAYS_EMBED_SWIFT_STANDARD_LIBRARIES = YES;
				CODE_SIGN_STYLE = Automatic;
				CURRENT_PROJECT_VERSION = 1;
				DEVELOPMENT_TEAM = ZM87MSCS59;
				GENERATE_INFOPLIST_FILE = YES;
				MARKETING_VERSION = 1.0;
				PRODUCT_BUNDLE_IDENTIFIER = com.chirag.CovidStatsUITests;
				PRODUCT_NAME = "$(TARGET_NAME)";
				SWIFT_EMIT_LOC_STRINGS = NO;
				SWIFT_VERSION = 5.0;
				TARGETED_DEVICE_FAMILY = "1,2";
				TEST_TARGET_NAME = CovidStats;
			};
			name = Debug;
		};
		050993652A24750700FF2747 /* Release */ = {
			isa = XCBuildConfiguration;
			buildSettings = {
				ALWAYS_EMBED_SWIFT_STANDARD_LIBRARIES = YES;
				CODE_SIGN_STYLE = Automatic;
				CURRENT_PROJECT_VERSION = 1;
				DEVELOPMENT_TEAM = ZM87MSCS59;
				GENERATE_INFOPLIST_FILE = YES;
				MARKETING_VERSION = 1.0;
				PRODUCT_BUNDLE_IDENTIFIER = com.chirag.CovidStatsUITests;
				PRODUCT_NAME = "$(TARGET_NAME)";
				SWIFT_EMIT_LOC_STRINGS = NO;
				SWIFT_VERSION = 5.0;
				TARGETED_DEVICE_FAMILY = "1,2";
				TEST_TARGET_NAME = CovidStats;
			};
			name = Release;
		};
/* End XCBuildConfiguration section */

/* Begin XCConfigurationList section */
		050993342A24750500FF2747 /* Build configuration list for PBXProject "CovidStats" */ = {
			isa = XCConfigurationList;
			buildConfigurations = (
				0509935B2A24750700FF2747 /* Debug */,
				0509935C2A24750700FF2747 /* Release */,
			);
			defaultConfigurationIsVisible = 0;
			defaultConfigurationName = Release;
		};
		0509935D2A24750700FF2747 /* Build configuration list for PBXNativeTarget "CovidStats" */ = {
			isa = XCConfigurationList;
			buildConfigurations = (
				0509935E2A24750700FF2747 /* Debug */,
				0509935F2A24750700FF2747 /* Release */,
			);
			defaultConfigurationIsVisible = 0;
			defaultConfigurationName = Release;
		};
		050993602A24750700FF2747 /* Build configuration list for PBXNativeTarget "CovidStatsTests" */ = {
			isa = XCConfigurationList;
			buildConfigurations = (
				050993612A24750700FF2747 /* Debug */,
				050993622A24750700FF2747 /* Release */,
			);
			defaultConfigurationIsVisible = 0;
			defaultConfigurationName = Release;
		};
		050993632A24750700FF2747 /* Build configuration list for PBXNativeTarget "CovidStatsUITests" */ = {
			isa = XCConfigurationList;
			buildConfigurations = (
				050993642A24750700FF2747 /* Debug */,
				050993652A24750700FF2747 /* Release */,
			);
			defaultConfigurationIsVisible = 0;
			defaultConfigurationName = Release;
		};
/* End XCConfigurationList section */
	};
	rootObject = 050993312A24750500FF2747 /* Project object */;
}
